
Microsoft Visual Studio Solution File, Format Version 12.00
# Visual Studio Version 16
VisualStudioVersion = 16.0.30804.86
MinimumVisualStudioVersion = 10.0.40219.1
Project("{FAE04EC0-301F-11D3-BF4B-00C04F79EFBC}") = "courseWork", "courseWork\courseWork.csproj", "{262911F2-18F4-4587-A254-727EE787ED6C}"
EndProject
Global
	GlobalSection(SolutionConfigurationPlatforms) = preSolution
		Debug|Any CPU = Debug|Any CPU
		Release|Any CPU = Release|Any CPU
	EndGlobalSection
	GlobalSection(ProjectConfigurationPlatforms) = postSolution
		{262911F2-18F4-4587-A254-727EE787ED6C}.Debug|Any CPU.ActiveCfg = Debug|Any CPU
		{262911F2-18F4-4587-A254-727EE787ED6C}.Debug|Any CPU.Build.0 = Debug|Any CPU
		{262911F2-18F4-4587-A254-727EE787ED6C}.Release|Any CPU.ActiveCfg = Release|Any CPU
		{262911F2-18F4-4587-A254-727EE787ED6C}.Release|Any CPU.Build.0 = Release|Any CPU
	EndGlobalSection
	GlobalSection(SolutionProperties) = preSolution
		HideSolutionNode = FALSE
	EndGlobalSection
	GlobalSection(ExtensibilityGlobals) = postSolution
		SolutionGuid = {FE4CE04C-7AE6-4AF7-B4BF-449BAD13276A}
	EndGlobalSection
EndGlobal
